// !$*UTF8*$!
{
	archiveVersion = 1;
	classes = {
	};
	objectVersion = 56;
	objects = {

/* Begin PBXBuildFile section */
		BD37D6AB2C5396FB00EA8F5D /* navigationStacksApp.swift in Sources */ = {isa = PBXBuildFile; fileRef = BD37D6AA2C5396FB00EA8F5D /* navigationStacksApp.swift */; };
		BD37D6AD2C5396FB00EA8F5D /* ContentView.swift in Sources */ = {isa = PBXBuildFile; fileRef = BD37D6AC2C5396FB00EA8F5D /* ContentView.swift */; };
		BD37D6AF2C5396FD00EA8F5D /* Assets.xcassets in Resources */ = {isa = PBXBuildFile; fileRef = BD37D6AE2C5396FD00EA8F5D /* Assets.xcassets */; };
		BD37D6B22C5396FD00EA8F5D /* Preview Assets.xcassets in Resources */ = {isa = PBXBuildFile; fileRef = BD37D6B12C5396FD00EA8F5D /* Preview Assets.xcassets */; };
		BD37D6BC2C5396FD00EA8F5D /* navigationStacksTests.swift in Sources */ = {isa = PBXBuildFile; fileRef = BD37D6BB2C5396FD00EA8F5D /* navigationStacksTests.swift */; };
		BD37D6C62C5396FD00EA8F5D /* navigationStacksUITests.swift in Sources */ = {isa = PBXBuildFile; fileRef = BD37D6C52C5396FD00EA8F5D /* navigationStacksUITests.swift */; };
		BD37D6C82C5396FD00EA8F5D /* navigationStacksUITestsLaunchTests.swift in Sources */ = {isa = PBXBuildFile; fileRef = BD37D6C72C5396FD00EA8F5D /* navigationStacksUITestsLaunchTests.swift */; };
		BD37D6D52C539BC700EA8F5D /* secondView.swift in Sources */ = {isa = PBXBuildFile; fileRef = BD37D6D42C539BC700EA8F5D /* secondView.swift */; };
/* End PBXBuildFile section */

/* Begin PBXContainerItemProxy section */
		BD37D6B82C5396FD00EA8F5D /* PBXContainerItemProxy */ = {
			isa = PBXContainerItemProxy;
			containerPortal = BD37D69F2C5396FB00EA8F5D /* Project object */;
			proxyType = 1;
			remoteGlobalIDString = BD37D6A62C5396FB00EA8F5D;
			remoteInfo = navigationStacks;
		};
		BD37D6C22C5396FD00EA8F5D /* PBXContainerItemProxy */ = {
			isa = PBXContainerItemProxy;
			containerPortal = BD37D69F2C5396FB00EA8F5D /* Project object */;
			proxyType = 1;
			remoteGlobalIDString = BD37D6A62C5396FB00EA8F5D;
			remoteInfo = navigationStacks;
		};
/* End PBXContainerItemProxy section */

/* Begin PBXFileReference section */
		BD37D6A72C5396FB00EA8F5D /* navigationStacks.app */ = {isa = PBXFileReference; explicitFileType = wrapper.application; includeInIndex = 0; path = navigationStacks.app; sourceTree = BUILT_PRODUCTS_DIR; };
		BD37D6AA2C5396FB00EA8F5D /* navigationStacksApp.swift */ = {isa = PBXFileReference; lastKnownFileType = sourcecode.swift; path = navigationStacksApp.swift; sourceTree = "<group>"; };
		BD37D6AC2C5396FB00EA8F5D /* ContentView.swift */ = {isa = PBXFileReference; lastKnownFileType = sourcecode.swift; path = ContentView.swift; sourceTree = "<group>"; };
		BD37D6AE2C5396FD00EA8F5D /* Assets.xcassets */ = {isa = PBXFileReference; lastKnownFileType = folder.assetcatalog; path = Assets.xcassets; sourceTree = "<group>"; };
		BD37D6B12C5396FD00EA8F5D /* Preview Assets.xcassets */ = {isa = PBXFileReference; lastKnownFileType = folder.assetcatalog; path = "Preview Assets.xcassets"; sourceTree = "<group>"; };
		BD37D6B72C5396FD00EA8F5D /* navigationStacksTests.xctest */ = {isa = PBXFileReference; explicitFileType = wrapper.cfbundle; includeInIndex = 0; path = navigationStacksTests.xctest; sourceTree = BUILT_PRODUCTS_DIR; };
		BD37D6BB2C5396FD00EA8F5D /* navigationStacksTests.swift */ = {isa = PBXFileReference; lastKnownFileType = sourcecode.swift; path = navigationStacksTests.swift; sourceTree = "<group>"; };
		BD37D6C12C5396FD00EA8F5D /* navigationStacksUITests.xctest */ = {isa = PBXFileReference; explicitFileType = wrapper.cfbundle; includeInIndex = 0; path = navigationStacksUITests.xctest; sourceTree = BUILT_PRODUCTS_DIR; };
		BD37D6C52C5396FD00EA8F5D /* navigationStacksUITests.swift */ = {isa = PBXFileReference; lastKnownFileType = sourcecode.swift; path = navigationStacksUITests.swift; sourceTree = "<group>"; };
		BD37D6C72C5396FD00EA8F5D /* navigationStacksUITestsLaunchTests.swift */ = {isa = PBXFileReference; lastKnownFileType = sourcecode.swift; path = navigationStacksUITestsLaunchTests.swift; sourceTree = "<group>"; };
		BD37D6D42C539BC700EA8F5D /* secondView.swift */ = {isa = PBXFileReference; lastKnownFileType = sourcecode.swift; path = secondView.swift; sourceTree = "<group>"; };
/* End PBXFileReference section */

/* Begin PBXFrameworksBuildPhase section */
		BD37D6A42C5396FB00EA8F5D /* Frameworks */ = {
			isa = PBXFrameworksBuildPhase;
			buildActionMask = 2147483647;
			files = (
			);
			runOnlyForDeploymentPostprocessing = 0;
		};
		BD37D6B42C5396FD00EA8F5D /* Frameworks */ = {
			isa = PBXFrameworksBuildPhase;
			buildActionMask = 2147483647;
			files = (
			);
			runOnlyForDeploymentPostprocessing = 0;
		};
		BD37D6BE2C5396FD00EA8F5D /* Frameworks */ = {
			isa = PBXFrameworksBuildPhase;
			buildActionMask = 2147483647;
			files = (
			);
			runOnlyForDeploymentPostprocessing = 0;
		};
/* End PBXFrameworksBuildPhase section */

/* Begin PBXGroup section */
		BD37D69E2C5396FB00EA8F5D = {
			isa = PBXGroup;
			children = (
				BD37D6A92C5396FB00EA8F5D /* navigationStacks */,
				BD37D6BA2C5396FD00EA8F5D /* navigationStacksTests */,
				BD37D6C42C5396FD00EA8F5D /* navigationStacksUITests */,
				BD37D6A82C5396FB00EA8F5D /* Products */,
			);
			sourceTree = "<group>";
		};
		BD37D6A82C5396FB00EA8F5D /* Products */ = {
			isa = PBXGroup;
			children = (
				BD37D6A72C5396FB00EA8F5D /* navigationStacks.app */,
				BD37D6B72C5396FD00EA8F5D /* navigationStacksTests.xctest */,
				BD37D6C12C5396FD00EA8F5D /* navigationStacksUITests.xctest */,
			);
			name = Products;
			sourceTree = "<group>";
		};
		BD37D6A92C5396FB00EA8F5D /* navigationStacks */ = {
			isa = PBXGroup;
			children = (
				BD37D6AA2C5396FB00EA8F5D /* navigationStacksApp.swift */,
				BD37D6AC2C5396FB00EA8F5D /* ContentView.swift */,
				BD37D6D42C539BC700EA8F5D /* secondView.swift */,
				BD37D6AE2C5396FD00EA8F5D /* Assets.xcassets */,
				BD37D6B02C5396FD00EA8F5D /* Preview Content */,
			);
			path = navigationStacks;
			sourceTree = "<group>";
		};
		BD37D6B02C5396FD00EA8F5D /* Preview Content */ = {
			isa = PBXGroup;
			children = (
				BD37D6B12C5396FD00EA8F5D /* Preview Assets.xcassets */,
			);
			path = "Preview Content";
			sourceTree = "<group>";
		};
		BD37D6BA2C5396FD00EA8F5D /* navigationStacksTests */ = {
			isa = PBXGroup;
			children = (
				BD37D6BB2C5396FD00EA8F5D /* navigationStacksTests.swift */,
			);
			path = navigationStacksTests;
			sourceTree = "<group>";
		};
		BD37D6C42C5396FD00EA8F5D /* navigationStacksUITests */ = {
			isa = PBXGroup;
			children = (
				BD37D6C52C5396FD00EA8F5D /* navigationStacksUITests.swift */,
				BD37D6C72C5396FD00EA8F5D /* navigationStacksUITestsLaunchTests.swift */,
			);
			path = navigationStacksUITests;
			sourceTree = "<group>";
		};
/* End PBXGroup section */

/* Begin PBXNativeTarget section */
		BD37D6A62C5396FB00EA8F5D /* navigationStacks */ = {
			isa = PBXNativeTarget;
			buildConfigurationList = BD37D6CB2C5396FD00EA8F5D /* Build configuration list for PBXNativeTarget "navigationStacks" */;
			buildPhases = (
				BD37D6A32C5396FB00EA8F5D /* Sources */,
				BD37D6A42C5396FB00EA8F5D /* Frameworks */,
				BD37D6A52C5396FB00EA8F5D /* Resources */,
			);
			buildRules = (
			);
			dependencies = (
			);
			name = navigationStacks;
			productName = navigationStacks;
			productReference = BD37D6A72C5396FB00EA8F5D /* navigationStacks.app */;
			productType = "com.apple.product-type.application";
		};
		BD37D6B62C5396FD00EA8F5D /* navigationStacksTests */ = {
			isa = PBXNativeTarget;
			buildConfigurationList = BD37D6CE2C5396FD00EA8F5D /* Build configuration list for PBXNativeTarget "navigationStacksTests" */;
			buildPhases = (
				BD37D6B32C5396FD00EA8F5D /* Sources */,
				BD37D6B42C5396FD00EA8F5D /* Frameworks */,
				BD37D6B52C5396FD00EA8F5D /* Resources */,
			);
			buildRules = (
			);
			dependencies = (
				BD37D6B92C5396FD00EA8F5D /* PBXTargetDependency */,
			);
			name = navigationStacksTests;
			productName = navigationStacksTests;
			productReference = BD37D6B72C5396FD00EA8F5D /* navigationStacksTests.xctest */;
			productType = "com.apple.product-type.bundle.unit-test";
		};
		BD37D6C02C5396FD00EA8F5D /* navigationStacksUITests */ = {
			isa = PBXNativeTarget;
			buildConfigurationList = BD37D6D12C5396FD00EA8F5D /* Build configuration list for PBXNativeTarget "navigationStacksUITests" */;
			buildPhases = (
				BD37D6BD2C5396FD00EA8F5D /* Sources */,
				BD37D6BE2C5396FD00EA8F5D /* Frameworks */,
				BD37D6BF2C5396FD00EA8F5D /* Resources */,
			);
			buildRules = (
			);
			dependencies = (
				BD37D6C32C5396FD00EA8F5D /* PBXTargetDependency */,
			);
			name = navigationStacksUITests;
			productName = navigationStacksUITests;
			productReference = BD37D6C12C5396FD00EA8F5D /* navigationStacksUITests.xctest */;
			productType = "com.apple.product-type.bundle.ui-testing";
		};
/* End PBXNativeTarget section */

/* Begin PBXProject section */
		BD37D69F2C5396FB00EA8F5D /* Project object */ = {
			isa = PBXProject;
			attributes = {
				BuildIndependentTargetsInParallel = 1;
				LastSwiftUpdateCheck = 1540;
				LastUpgradeCheck = 1540;
				TargetAttributes = {
					BD37D6A62C5396FB00EA8F5D = {
						CreatedOnToolsVersion = 15.4;
					};
					BD37D6B62C5396FD00EA8F5D = {
						CreatedOnToolsVersion = 15.4;
						TestTargetID = BD37D6A62C5396FB00EA8F5D;
					};
					BD37D6C02C5396FD00EA8F5D = {
						CreatedOnToolsVersion = 15.4;
						TestTargetID = BD37D6A62C5396FB00EA8F5D;
					};
				};
			};
			buildConfigurationList = BD37D6A22C5396FB00EA8F5D /* Build configuration list for PBXProject "navigationStacks" */;
			compatibilityVersion = "Xcode 14.0";
			developmentRegion = en;
			hasScannedForEncodings = 0;
			knownRegions = (
				en,
				Base,
			);
			mainGroup = BD37D69E2C5396FB00EA8F5D;
			productRefGroup = BD37D6A82C5396FB00EA8F5D /* Products */;
			projectDirPath = "";
			projectRoot = "";
			targets = (
				BD37D6A62C5396FB00EA8F5D /* navigationStacks */,
				BD37D6B62C5396FD00EA8F5D /* navigationStacksTests */,
				BD37D6C02C5396FD00EA8F5D /* navigationStacksUITests */,
			);
		};
/* End PBXProject section */

/* Begin PBXResourcesBuildPhase section */
		BD37D6A52C5396FB00EA8F5D /* Resources */ = {
			isa = PBXResourcesBuildPhase;
			buildActionMask = 2147483647;
			files = (
				BD37D6B22C5396FD00EA8F5D /* Preview Assets.xcassets in Resources */,
				BD37D6AF2C5396FD00EA8F5D /* Assets.xcassets in Resources */,
			);
			runOnlyForDeploymentPostprocessing = 0;
		};
		BD37D6B52C5396FD00EA8F5D /* Resources */ = {
			isa = PBXResourcesBuildPhase;
			buildActionMask = 2147483647;
			files = (
			);
			runOnlyForDeploymentPostprocessing = 0;
		};
		BD37D6BF2C5396FD00EA8F5D /* Resources */ = {
			isa = PBXResourcesBuildPhase;
			buildActionMask = 2147483647;
			files = (
			);
			runOnlyForDeploymentPostprocessing = 0;
		};
/* End PBXResourcesBuildPhase section */

/* Begin PBXSourcesBuildPhase section */
		BD37D6A32C5396FB00EA8F5D /* Sources */ = {
			isa = PBXSourcesBuildPhase;
			buildActionMask = 2147483647;
			files = (
				BD37D6AD2C5396FB00EA8F5D /* ContentView.swift in Sources */,
				BD37D6D52C539BC700EA8F5D /* secondView.swift in Sources */,
				BD37D6AB2C5396FB00EA8F5D /* navigationStacksApp.swift in Sources */,
			);
			runOnlyForDeploymentPostprocessing = 0;
		};
		BD37D6B32C5396FD00EA8F5D /* Sources */ = {
			isa = PBXSourcesBuildPhase;
			buildActionMask = 2147483647;
			files = (
				BD37D6BC2C5396FD00EA8F5D /* navigationStacksTests.swift in Sources */,
			);
			runOnlyForDeploymentPostprocessing = 0;
		};
		BD37D6BD2C5396FD00EA8F5D /* Sources */ = {
			isa = PBXSourcesBuildPhase;
			buildActionMask = 2147483647;
			files = (
				BD37D6C62C5396FD00EA8F5D /* navigationStacksUITests.swift in Sources */,
				BD37D6C82C5396FD00EA8F5D /* navigationStacksUITestsLaunchTests.swift in Sources */,
			);
			runOnlyForDeploymentPostprocessing = 0;
		};
/* End PBXSourcesBuildPhase section */

/* Begin PBXTargetDependency section */
		BD37D6B92C5396FD00EA8F5D /* PBXTargetDependency */ = {
			isa = PBXTargetDependency;
			target = BD37D6A62C5396FB00EA8F5D /* navigationStacks */;
			targetProxy = BD37D6B82C5396FD00EA8F5D /* PBXContainerItemProxy */;
		};
		BD37D6C32C5396FD00EA8F5D /* PBXTargetDependency */ = {
			isa = PBXTargetDependency;
			target = BD37D6A62C5396FB00EA8F5D /* navigationStacks */;
			targetProxy = BD37D6C22C5396FD00EA8F5D /* PBXContainerItemProxy */;
		};
/* End PBXTargetDependency section */

/* Begin XCBuildConfiguration section */
		BD37D6C92C5396FD00EA8F5D /* Debug */ = {
			isa = XCBuildConfiguration;
			buildSettings = {
				ALWAYS_SEARCH_USER_PATHS = NO;
				ASSETCATALOG_COMPILER_GENERATE_SWIFT_ASSET_SYMBOL_EXTENSIONS = YES;
				CLANG_ANALYZER_NONNULL = YES;
				CLANG_ANALYZER_NUMBER_OBJECT_CONVERSION = YES_AGGRESSIVE;
				CLANG_CXX_LANGUAGE_STANDARD = "gnu++20";
				CLANG_ENABLE_MODULES = YES;
				CLANG_ENABLE_OBJC_ARC = YES;
				CLANG_ENABLE_OBJC_WEAK = YES;
				CLANG_WARN_BLOCK_CAPTURE_AUTORELEASING = YES;
				CLANG_WARN_BOOL_CONVERSION = YES;
				CLANG_WARN_COMMA = YES;
				CLANG_WARN_CONSTANT_CONVERSION = YES;
				CLANG_WARN_DEPRECATED_OBJC_IMPLEMENTATIONS = YES;
				CLANG_WARN_DIRECT_OBJC_ISA_USAGE = YES_ERROR;
				CLANG_WARN_DOCUMENTATION_COMMENTS = YES;
				CLANG_WARN_EMPTY_BODY = YES;
				CLANG_WARN_ENUM_CONVERSION = YES;
				CLANG_WARN_INFINITE_RECURSION = YES;
				CLANG_WARN_INT_CONVERSION = YES;
				CLANG_WARN_NON_LITERAL_NULL_CONVERSION = YES;
				CLANG_WARN_OBJC_IMPLICIT_RETAIN_SELF = YES;
				CLANG_WARN_OBJC_LITERAL_CONVERSION = YES;
				CLANG_WARN_OBJC_ROOT_CLASS = YES_ERROR;
				CLANG_WARN_QUOTED_INCLUDE_IN_FRAMEWORK_HEADER = YES;
				CLANG_WARN_RANGE_LOOP_ANALYSIS = YES;
				CLANG_WARN_STRICT_PROTOTYPES = YES;
				CLANG_WARN_SUSPICIOUS_MOVE = YES;
				CLANG_WARN_UNGUARDED_AVAILABILITY = YES_AGGRESSIVE;
				CLANG_WARN_UNREACHABLE_CODE = YES;
				CLANG_WARN__DUPLICATE_METHOD_MATCH = YES;
				COPY_PHASE_STRIP = NO;
				DEBUG_INFORMATION_FORMAT = dwarf;
				ENABLE_STRICT_OBJC_MSGSEND = YES;
				ENABLE_TESTABILITY = YES;
				ENABLE_USER_SCRIPT_SANDBOXING = YES;
				GCC_C_LANGUAGE_STANDARD = gnu17;
				GCC_DYNAMIC_NO_PIC = NO;
				GCC_NO_COMMON_BLOCKS = YES;
				GCC_OPTIMIZATION_LEVEL = 0;
				GCC_PREPROCESSOR_DEFINITIONS = (
					"DEBUG=1",
					"$(inherited)",
				);
				GCC_WARN_64_TO_32_BIT_CONVERSION = YES;
				GCC_WARN_ABOUT_RETURN_TYPE = YES_ERROR;
				GCC_WARN_UNDECLARED_SELECTOR = YES;
				GCC_WARN_UNINITIALIZED_AUTOS = YES_AGGRESSIVE;
				GCC_WARN_UNUSED_FUNCTION = YES;
				GCC_WARN_UNUSED_VARIABLE = YES;
				IPHONEOS_DEPLOYMENT_TARGET = 17.5;
				LOCALIZATION_PREFERS_STRING_CATALOGS = YES;
				MTL_ENABLE_DEBUG_INFO = INCLUDE_SOURCE;
				MTL_FAST_MATH = YES;
				ONLY_ACTIVE_ARCH = YES;
				SDKROOT = iphoneos;
				SWIFT_ACTIVE_COMPILATION_CONDITIONS = "DEBUG $(inherited)";
				SWIFT_OPTIMIZATION_LEVEL = "-Onone";
			};
			name = Debug;
		};
		BD37D6CA2C5396FD00EA8F5D /* Release */ = {
			isa = XCBuildConfiguration;
			buildSettings = {
				ALWAYS_SEARCH_USER_PATHS = NO;
				ASSETCATALOG_COMPILER_GENERATE_SWIFT_ASSET_SYMBOL_EXTENSIONS = YES;
				CLANG_ANALYZER_NONNULL = YES;
				CLANG_ANALYZER_NUMBER_OBJECT_CONVERSION = YES_AGGRESSIVE;
				CLANG_CXX_LANGUAGE_STANDARD = "gnu++20";
				CLANG_ENABLE_MODULES = YES;
				CLANG_ENABLE_OBJC_ARC = YES;
				CLANG_ENABLE_OBJC_WEAK = YES;
				CLANG_WARN_BLOCK_CAPTURE_AUTORELEASING = YES;
				CLANG_WARN_BOOL_CONVERSION = YES;
				CLANG_WARN_COMMA = YES;
				CLANG_WARN_CONSTANT_CONVERSION = YES;
				CLANG_WARN_DEPRECATED_OBJC_IMPLEMENTATIONS = YES;
				CLANG_WARN_DIRECT_OBJC_ISA_USAGE = YES_ERROR;
				CLANG_WARN_DOCUMENTATION_COMMENTS = YES;
				CLANG_WARN_EMPTY_BODY = YES;
				CLANG_WARN_ENUM_CONVERSION = YES;
				CLANG_WARN_INFINITE_RECURSION = YES;
				CLANG_WARN_INT_CONVERSION = YES;
				CLANG_WARN_NON_LITERAL_NULL_CONVERSION = YES;
				CLANG_WARN_OBJC_IMPLICIT_RETAIN_SELF = YES;
				CLANG_WARN_OBJC_LITERAL_CONVERSION = YES;
				CLANG_WARN_OBJC_ROOT_CLASS = YES_ERROR;
				CLANG_WARN_QUOTED_INCLUDE_IN_FRAMEWORK_HEADER = YES;
				CLANG_WARN_RANGE_LOOP_ANALYSIS = YES;
				CLANG_WARN_STRICT_PROTOTYPES = YES;
				CLANG_WARN_SUSPICIOUS_MOVE = YES;
				CLANG_WARN_UNGUARDED_AVAILABILITY = YES_AGGRESSIVE;
				CLANG_WARN_UNREACHABLE_CODE = YES;
				CLANG_WARN__DUPLICATE_METHOD_MATCH = YES;
				COPY_PHASE_STRIP = NO;
				DEBUG_INFORMATION_FORMAT = "dwarf-with-dsym";
				ENABLE_NS_ASSERTIONS = NO;
				ENABLE_STRICT_OBJC_MSGSEND = YES;
				ENABLE_USER_SCRIPT_SANDBOXING = YES;
				GCC_C_LANGUAGE_STANDARD = gnu17;
				GCC_NO_COMMON_BLOCKS = YES;
				GCC_WARN_64_TO_32_BIT_CONVERSION = YES;
				GCC_WARN_ABOUT_RETURN_TYPE = YES_ERROR;
				GCC_WARN_UNDECLARED_SELECTOR = YES;
				GCC_WARN_UNINITIALIZED_AUTOS = YES_AGGRESSIVE;
				GCC_WARN_UNUSED_FUNCTION = YES;
				GCC_WARN_UNUSED_VARIABLE = YES;
				IPHONEOS_DEPLOYMENT_TARGET = 17.5;
				LOCALIZATION_PREFERS_STRING_CATALOGS = YES;
				MTL_ENABLE_DEBUG_INFO = NO;
				MTL_FAST_MATH = YES;
				SDKROOT = iphoneos;
				SWIFT_COMPILATION_MODE = wholemodule;
				VALIDATE_PRODUCT = YES;
			};
			name = Release;
		};
		BD37D6CC2C5396FD00EA8F5D /* Debug */ = {
			isa = XCBuildConfiguration;
			buildSettings = {
				ASSETCATALOG_COMPILER_APPICON_NAME = AppIcon;
				ASSETCATALOG_COMPILER_GLOBAL_ACCENT_COLOR_NAME = AccentColor;
				CODE_SIGN_STYLE = Automatic;
				CURRENT_PROJECT_VERSION = 1;
				DEVELOPMENT_ASSET_PATHS = "\"navigationStacks/Preview Content\"";
				ENABLE_PREVIEWS = YES;
				GENERATE_INFOPLIST_FILE = YES;
				INFOPLIST_KEY_UIApplicationSceneManifest_Generation = YES;
				INFOPLIST_KEY_UIApplicationSupportsIndirectInputEvents = YES;
				INFOPLIST_KEY_UILaunchScreen_Generation = YES;
				INFOPLIST_KEY_UISupportedInterfaceOrientations_iPad = "UIInterfaceOrientationPortrait UIInterfaceOrientationPortraitUpsideDown UIInterfaceOrientationLandscapeLeft UIInterfaceOrientationLandscapeRight";
				INFOPLIST_KEY_UISupportedInterfaceOrientations_iPhone = "UIInterfaceOrientationPortrait UIInterfaceOrientationLandscapeLeft UIInterfaceOrientationLandscapeRight";
				LD_RUNPATH_SEARCH_PATHS = (
					"$(inherited)",
					"@executable_path/Frameworks",
				);
				MARKETING_VERSION = 1.0;
				PRODUCT_BUNDLE_IDENTIFIER = kwk.navigationStacks;
				PRODUCT_NAME = "$(TARGET_NAME)";
				SWIFT_EMIT_LOC_STRINGS = YES;
				SWIFT_VERSION = 5.0;
				TARGETED_DEVICE_FAMILY = "1,2";
			};
			name = Debug;
		};
		BD37D6CD2C5396FD00EA8F5D /* Release */ = {
			isa = XCBuildConfiguration;
			buildSettings = {
				ASSETCATALOG_COMPILER_APPICON_NAME = AppIcon;
				ASSETCATALOG_COMPILER_GLOBAL_ACCENT_COLOR_NAME = AccentColor;
				CODE_SIGN_STYLE = Automatic;
				CURRENT_PROJECT_VERSION = 1;
				DEVELOPMENT_ASSET_PATHS = "\"navigationStacks/Preview Content\"";
				ENABLE_PREVIEWS = YES;
				GENERATE_INFOPLIST_FILE = YES;
				INFOPLIST_KEY_UIApplicationSceneManifest_Generation = YES;
				INFOPLIST_KEY_UIApplicationSupportsIndirectInputEvents = YES;
				INFOPLIST_KEY_UILaunchScreen_Generation = YES;
				INFOPLIST_KEY_UISupportedInterfaceOrientations_iPad = "UIInterfaceOrientationPortrait UIInterfaceOrientationPortraitUpsideDown UIInterfaceOrientationLandscapeLeft UIInterfaceOrientationLandscapeRight";
				INFOPLIST_KEY_UISupportedInterfaceOrientations_iPhone = "UIInterfaceOrientationPortrait UIInterfaceOrientationLandscapeLeft UIInterfaceOrientationLandscapeRight";
				LD_RUNPATH_SEARCH_PATHS = (
					"$(inherited)",
					"@executable_path/Frameworks",
				);
				MARKETING_VERSION = 1.0;
				PRODUCT_BUNDLE_IDENTIFIER = kwk.navigationStacks;
				PRODUCT_NAME = "$(TARGET_NAME)";
				SWIFT_EMIT_LOC_STRINGS = YES;
				SWIFT_VERSION = 5.0;
				TARGETED_DEVICE_FAMILY = "1,2";
			};
			name = Release;
		};
		BD37D6CF2C5396FD00EA8F5D /* Debug */ = {
			isa = XCBuildConfiguration;
			buildSettings = {
				ALWAYS_EMBED_SWIFT_STANDARD_LIBRARIES = YES;
				BUNDLE_LOADER = "$(TEST_HOST)";
				CODE_SIGN_STYLE = Automatic;
				CURRENT_PROJECT_VERSION = 1;
				GENERATE_INFOPLIST_FILE = YES;
				IPHONEOS_DEPLOYMENT_TARGET = 17.5;
				MARKETING_VERSION = 1.0;
				PRODUCT_BUNDLE_IDENTIFIER = kwk.navigationStacksTests;
				PRODUCT_NAME = "$(TARGET_NAME)";
				SWIFT_EMIT_LOC_STRINGS = NO;
				SWIFT_VERSION = 5.0;
				TARGETED_DEVICE_FAMILY = "1,2";
				TEST_HOST = "$(BUILT_PRODUCTS_DIR)/navigationStacks.app/$(BUNDLE_EXECUTABLE_FOLDER_PATH)/navigationStacks";
			};
			name = Debug;
		};
		BD37D6D02C5396FD00EA8F5D /* Release */ = {
			isa = XCBuildConfiguration;
			buildSettings = {
				ALWAYS_EMBED_SWIFT_STANDARD_LIBRARIES = YES;
				BUNDLE_LOADER = "$(TEST_HOST)";
				CODE_SIGN_STYLE = Automatic;
				CURRENT_PROJECT_VERSION = 1;
				GENERATE_INFOPLIST_FILE = YES;
				IPHONEOS_DEPLOYMENT_TARGET = 17.5;
				MARKETING_VERSION = 1.0;
				PRODUCT_BUNDLE_IDENTIFIER = kwk.navigationStacksTests;
				PRODUCT_NAME = "$(TARGET_NAME)";
				SWIFT_EMIT_LOC_STRINGS = NO;
				SWIFT_VERSION = 5.0;
				TARGETED_DEVICE_FAMILY = "1,2";
				TEST_HOST = "$(BUILT_PRODUCTS_DIR)/navigationStacks.app/$(BUNDLE_EXECUTABLE_FOLDER_PATH)/navigationStacks";
			};
			name = Release;
		};
		BD37D6D22C5396FD00EA8F5D /* Debug */ = {
			isa = XCBuildConfiguration;
			buildSettings = {
				ALWAYS_EMBED_SWIFT_STANDARD_LIBRARIES = YES;
				CODE_SIGN_STYLE = Automatic;
				CURRENT_PROJECT_VERSION = 1;
				GENERATE_INFOPLIST_FILE = YES;
				MARKETING_VERSION = 1.0;
				PRODUCT_BUNDLE_IDENTIFIER = kwk.navigationStacksUITests;
				PRODUCT_NAME = "$(TARGET_NAME)";
				SWIFT_EMIT_LOC_STRINGS = NO;
				SWIFT_VERSION = 5.0;
				TARGETED_DEVICE_FAMILY = "1,2";
				TEST_TARGET_NAME = navigationStacks;
			};
			name = Debug;
		};
		BD37D6D32C5396FD00EA8F5D /* Release */ = {
			isa = XCBuildConfiguration;
			buildSettings = {
				ALWAYS_EMBED_SWIFT_STANDARD_LIBRARIES = YES;
				CODE_SIGN_STYLE = Automatic;
				CURRENT_PROJECT_VERSION = 1;
				GENERATE_INFOPLIST_FILE = YES;
				MARKETING_VERSION = 1.0;
				PRODUCT_BUNDLE_IDENTIFIER = kwk.navigationStacksUITests;
				PRODUCT_NAME = "$(TARGET_NAME)";
				SWIFT_EMIT_LOC_STRINGS = NO;
				SWIFT_VERSION = 5.0;
				TARGETED_DEVICE_FAMILY = "1,2";
				TEST_TARGET_NAME = navigationStacks;
			};
			name = Release;
		};
/* End XCBuildConfiguration section */

/* Begin XCConfigurationList section */
		BD37D6A22C5396FB00EA8F5D /* Build configuration list for PBXProject "navigationStacks" */ = {
			isa = XCConfigurationList;
			buildConfigurations = (
				BD37D6C92C5396FD00EA8F5D /* Debug */,
				BD37D6CA2C5396FD00EA8F5D /* Release */,
			);
			defaultConfigurationIsVisible = 0;
			defaultConfigurationName = Release;
		};
		BD37D6CB2C5396FD00EA8F5D /* Build configuration list for PBXNativeTarget "navigationStacks" */ = {
			isa = XCConfigurationList;
			buildConfigurations = (
				BD37D6CC2C5396FD00EA8F5D /* Debug */,
				BD37D6CD2C5396FD00EA8F5D /* Release */,
			);
			defaultConfigurationIsVisible = 0;
			defaultConfigurationName = Release;
		};
		BD37D6CE2C5396FD00EA8F5D /* Build configuration list for PBXNativeTarget "navigationStacksTests" */ = {
			isa = XCConfigurationList;
			buildConfigurations = (
				BD37D6CF2C5396FD00EA8F5D /* Debug */,
				BD37D6D02C5396FD00EA8F5D /* Release */,
			);
			defaultConfigurationIsVisible = 0;
			defaultConfigurationName = Release;
		};
		BD37D6D12C5396FD00EA8F5D /* Build configuration list for PBXNativeTarget "navigationStacksUITests" */ = {
			isa = XCConfigurationList;
			buildConfigurations = (
				BD37D6D22C5396FD00EA8F5D /* Debug */,
				BD37D6D32C5396FD00EA8F5D /* Release */,
			);
			defaultConfigurationIsVisible = 0;
			defaultConfigurationName = Release;
		};
/* End XCConfigurationList section */
	};
	rootObject = BD37D69F2C5396FB00EA8F5D /* Project object */;
}
